
Microsoft Visual Studio Solution File, Format Version 12.00
# Visual Studio Version 16
VisualStudioVersion = 16.0.30503.244
MinimumVisualStudioVersion = 10.0.40219.1
Project("{FAE04EC0-301F-11D3-BF4B-00C04F79EFBC}") = "Script", "Script.csproj", "{FF506159-461A-4D49-A2A3-BA6F753C80F1}"
EndProject
Global
	GlobalSection(SolutionConfigurationPlatforms) = preSolution
		Debug|Any CPU = Debug|Any CPU
		Release|Any CPU = Release|Any CPU
	EndGlobalSection
	GlobalSection(ProjectConfigurationPlatforms) = postSolution
		{FF506159-461A-4D49-A2A3-BA6F753C80F1}.Debug|Any CPU.ActiveCfg = Debug|Any CPU
		{FF506159-461A-4D49-A2A3-BA6F753C80F1}.Debug|Any CPU.Build.0 = Debug|Any CPU
		{FF506159-461A-4D49-A2A3-BA6F753C80F1}.Release|Any CPU.ActiveCfg = Release|Any CPU
		{FF506159-461A-4D49-A2A3-BA6F753C80F1}.Release|Any CPU.Build.0 = Release|Any CPU
	EndGlobalSection
	GlobalSection(SolutionProperties) = preSolution
		HideSolutionNode = FALSE
	EndGlobalSection
	GlobalSection(ExtensibilityGlobals) = postSolution
		SolutionGuid = {D1468998-EE11-4E7F-B7D4-302CBF3B66A1}
	EndGlobalSection
EndGlobal
